
Microsoft Visual Studio Solution File, Format Version 12.00
# Visual Studio Version 17
VisualStudioVersion = 17.9.34714.143
MinimumVisualStudioVersion = 10.0.40219.1
Project("{FAE04EC0-301F-11D3-BF4B-00C04F79EFBC}") = "Hotel", "Hotel\Hotel.csproj", "{651C1896-A7E0-440B-9074-4670E6D9D3E8}"
EndProject
Global
	GlobalSection(SolutionConfigurationPlatforms) = preSolution
		Debug|Any CPU = Debug|Any CPU
		Release|Any CPU = Release|Any CPU
	EndGlobalSection
	GlobalSection(ProjectConfigurationPlatforms) = postSolution
		{651C1896-A7E0-440B-9074-4670E6D9D3E8}.Debug|Any CPU.ActiveCfg = Debug|Any CPU
		{651C1896-A7E0-440B-9074-4670E6D9D3E8}.Debug|Any CPU.Build.0 = Debug|Any CPU
		{651C1896-A7E0-440B-9074-4670E6D9D3E8}.Release|Any CPU.ActiveCfg = Release|Any CPU
		{651C1896-A7E0-440B-9074-4670E6D9D3E8}.Release|Any CPU.Build.0 = Release|Any CPU
	EndGlobalSection
	GlobalSection(SolutionProperties) = preSolution
		HideSolutionNode = FALSE
	EndGlobalSection
	GlobalSection(ExtensibilityGlobals) = postSolution
		SolutionGuid = {195023E8-E9EE-4A31-ADD6-4820ACE431BE}
	EndGlobalSection
EndGlobal
